PODS:
  - AFNetworking (3.2.1):
    - AFNetworking/NSURLSession (= 3.2.1)
    - AFNetworking/Reachability (= 3.2.1)
    - AFNetworking/Security (= 3.2.1)
    - AFNetworking/Serialization (= 3.2.1)
    - AFNetworking/UIKit (= 3.2.1)
  - AFNetworking/NSURLSession (3.2.1):
    - AFNetworking/Reachability
    - AFNetworking/Security
    - AFNetworking/Serialization
  - AFNetworking/Reachability (3.2.1)
  - AFNetworking/Security (3.2.1)
  - AFNetworking/Serialization (3.2.1)
  - AFNetworking/UIKit (3.2.1):
    - AFNetworking/NSURLSession
  - MBProgressHUD (0.9.1)
  - OCMock (3.0.2)
  - OHHTTPStubs (3.1.12):
    - OHHTTPStubs/Core (= 3.1.12)
  - OHHTTPStubs/Core (3.1.12)
  - PureLayout (2.0.6)

DEPENDENCIES:
  - AFNetworking (~> 3.2.1)
  - MBProgressHUD (~> 0.9)
  - OCMock (~> 3.0.2)
  - OHHTTPStubs (~> 3.1.2)
  - PureLayout (~> 2.0.6)

SPEC REPOS:
  https://github.com/cocoapods/specs.git:
    - AFNetworking
    - MBProgressHUD
    - OCMock
    - OHHTTPStubs
    - PureLayout

SPEC CHECKSUMS:
  AFNetworking: b6f891fdfaed196b46c7a83cf209e09697b94057
  MBProgressHUD: c47f2c166c126cf2ce36498d80f33e754d4e93ad
  OCMock: 1f0871af0f397183f33e7552cca088bd2b485c25
  OHHTTPStubs: 8cf0cfe6f34f13fc88fdf5b2a1b2c2536e8c0261
  PureLayout: f25f0bb904d5ccfe6e31da3cb869185259f02e0d

PODFILE CHECKSUM: a7aadfefc268b5caf1f6f9930b0ac4fd639d742d

COCOAPODS: 1.5.3
